
Microsoft Visual Studio Solution File, Format Version 12.00
# Visual Studio Version 17
VisualStudioVersion = 17.2.32526.322
MinimumVisualStudioVersion = 10.0.40219.1
Project("{2150E333-8FDC-42A3-9474-1A3956D46DE8}") = "Services", "Services", "{00421A7B-A66C-43BF-9890-6B98E37A6184}"
EndProject
Project("{2150E333-8FDC-42A3-9474-1A3956D46DE8}") = "Catalog", "Catalog", "{5A7557FB-5E2C-4E88-AA77-3B7EDE45FF0F}"
EndProject
Project("{9A19103F-16F7-4668-BE54-9A1E7A4F7556}") = "Catalog.Api", "Services\Catalog\Catalog.Api\Catalog.Api.csproj", "{7F9C2C18-9A19-4FD6-B8B1-6F6D16F56620}"
EndProject
Project("{E53339B2-1760-4266-BCC7-CA923CBCF16C}") = "docker-compose", "docker-compose.dcproj", "{642ACC0D-C191-4615-9308-6FBF1E0D28BB}"
EndProject
Project("{2150E333-8FDC-42A3-9474-1A3956D46DE8}") = "Basket", "Basket", "{2BEE9C7C-9323-4CA9-9FC0-A86CE0EF7A91}"
EndProject
Project("{9A19103F-16F7-4668-BE54-9A1E7A4F7556}") = "Basket.Api", "Services\Basket\Basket.Api\Basket.Api\Basket.Api.csproj", "{56D9D282-7809-4D13-BC01-A21EB5E034DA}"
EndProject
Project("{2150E333-8FDC-42A3-9474-1A3956D46DE8}") = "Discount", "Discount", "{9EF3CCED-B058-44AD-8676-9A788614AC53}"
EndProject
Project("{FAE04EC0-301F-11D3-BF4B-00C04F79EFBC}") = "Discount.Api", "Services\Discount\Discount.Api\Discount.Api.csproj", "{A675686C-C743-413C-A72E-4F92B8A37C26}"
EndProject
Global
	GlobalSection(SolutionConfigurationPlatforms) = preSolution
		Debug|Any CPU = Debug|Any CPU
		Release|Any CPU = Release|Any CPU
	EndGlobalSection
	GlobalSection(ProjectConfigurationPlatforms) = postSolution
		{7F9C2C18-9A19-4FD6-B8B1-6F6D16F56620}.Debug|Any CPU.ActiveCfg = Debug|Any CPU
		{7F9C2C18-9A19-4FD6-B8B1-6F6D16F56620}.Debug|Any CPU.Build.0 = Debug|Any CPU
		{7F9C2C18-9A19-4FD6-B8B1-6F6D16F56620}.Release|Any CPU.ActiveCfg = Release|Any CPU
		{7F9C2C18-9A19-4FD6-B8B1-6F6D16F56620}.Release|Any CPU.Build.0 = Release|Any CPU
		{642ACC0D-C191-4615-9308-6FBF1E0D28BB}.Debug|Any CPU.ActiveCfg = Debug|Any CPU
		{642ACC0D-C191-4615-9308-6FBF1E0D28BB}.Debug|Any CPU.Build.0 = Debug|Any CPU
		{642ACC0D-C191-4615-9308-6FBF1E0D28BB}.Release|Any CPU.ActiveCfg = Release|Any CPU
		{642ACC0D-C191-4615-9308-6FBF1E0D28BB}.Release|Any CPU.Build.0 = Release|Any CPU
		{56D9D282-7809-4D13-BC01-A21EB5E034DA}.Debug|Any CPU.ActiveCfg = Debug|Any CPU
		{56D9D282-7809-4D13-BC01-A21EB5E034DA}.Debug|Any CPU.Build.0 = Debug|Any CPU
		{56D9D282-7809-4D13-BC01-A21EB5E034DA}.Release|Any CPU.ActiveCfg = Release|Any CPU
		{56D9D282-7809-4D13-BC01-A21EB5E034DA}.Release|Any CPU.Build.0 = Release|Any CPU
		{A675686C-C743-413C-A72E-4F92B8A37C26}.Debug|Any CPU.ActiveCfg = Debug|Any CPU
		{A675686C-C743-413C-A72E-4F92B8A37C26}.Debug|Any CPU.Build.0 = Debug|Any CPU
		{A675686C-C743-413C-A72E-4F92B8A37C26}.Release|Any CPU.ActiveCfg = Release|Any CPU
		{A675686C-C743-413C-A72E-4F92B8A37C26}.Release|Any CPU.Build.0 = Release|Any CPU
	EndGlobalSection
	GlobalSection(SolutionProperties) = preSolution
		HideSolutionNode = FALSE
	EndGlobalSection
	GlobalSection(NestedProjects) = preSolution
		{5A7557FB-5E2C-4E88-AA77-3B7EDE45FF0F} = {00421A7B-A66C-43BF-9890-6B98E37A6184}
		{7F9C2C18-9A19-4FD6-B8B1-6F6D16F56620} = {5A7557FB-5E2C-4E88-AA77-3B7EDE45FF0F}
		{2BEE9C7C-9323-4CA9-9FC0-A86CE0EF7A91} = {00421A7B-A66C-43BF-9890-6B98E37A6184}
		{56D9D282-7809-4D13-BC01-A21EB5E034DA} = {2BEE9C7C-9323-4CA9-9FC0-A86CE0EF7A91}
		{9EF3CCED-B058-44AD-8676-9A788614AC53} = {00421A7B-A66C-43BF-9890-6B98E37A6184}
		{A675686C-C743-413C-A72E-4F92B8A37C26} = {9EF3CCED-B058-44AD-8676-9A788614AC53}
	EndGlobalSection
	GlobalSection(ExtensibilityGlobals) = postSolution
		SolutionGuid = {3A3CE36B-D2A9-43FE-A5D4-A79993A15057}
	EndGlobalSection
EndGlobal
