
Microsoft Visual Studio Solution File, Format Version 12.00
# Visual Studio Version 17
VisualStudioVersion = 17.2.32526.322
MinimumVisualStudioVersion = 10.0.40219.1
Project("{2150E333-8FDC-42A3-9474-1A3956D46DE8}") = "Services", "Services", "{00421A7B-A66C-43BF-9890-6B98E37A6184}"
EndProject
Project("{2150E333-8FDC-42A3-9474-1A3956D46DE8}") = "Catalog", "Catalog", "{5A7557FB-5E2C-4E88-AA77-3B7EDE45FF0F}"
EndProject
Project("{9A19103F-16F7-4668-BE54-9A1E7A4F7556}") = "Catalog.Api", "Services\Catalog\Catalog.Api\Catalog.Api.csproj", "{7F9C2C18-9A19-4FD6-B8B1-6F6D16F56620}"
EndProject
Project("{E53339B2-1760-4266-BCC7-CA923CBCF16C}") = "docker-compose", "docker-compose.dcproj", "{642ACC0D-C191-4615-9308-6FBF1E0D28BB}"
EndProject
Project("{2150E333-8FDC-42A3-9474-1A3956D46DE8}") = "Basket", "Basket", "{2BEE9C7C-9323-4CA9-9FC0-A86CE0EF7A91}"
EndProject
Project("{9A19103F-16F7-4668-BE54-9A1E7A4F7556}") = "Basket.Api", "Services\Basket\Basket.Api\Basket.Api\Basket.Api.csproj", "{56D9D282-7809-4D13-BC01-A21EB5E034DA}"
EndProject
Project("{2150E333-8FDC-42A3-9474-1A3956D46DE8}") = "Discount", "Discount", "{9EF3CCED-B058-44AD-8676-9A788614AC53}"
EndProject
Project("{9A19103F-16F7-4668-BE54-9A1E7A4F7556}") = "Discount.Api", "Services\Discount\Discount.Api\Discount.Api.csproj", "{A675686C-C743-413C-A72E-4F92B8A37C26}"
EndProject
Project("{9A19103F-16F7-4668-BE54-9A1E7A4F7556}") = "Discount.Grpc", "Services\Discount\Discount.Grpc\Discount.Grpc.csproj", "{4D3F7549-6E99-45A9-9E20-32F3CC8FC79F}"
EndProject
Project("{2150E333-8FDC-42A3-9474-1A3956D46DE8}") = "Ordering", "Ordering", "{F0D3ABAB-1FA5-4B9C-8516-D79463D667E1}"
EndProject
Project("{9A19103F-16F7-4668-BE54-9A1E7A4F7556}") = "Ordering.Api", "Services\Ordering\Ordering.Api\Ordering.Api.csproj", "{8CD369F3-D3DD-404B-94D5-A02A95901B14}"
EndProject
Project("{9A19103F-16F7-4668-BE54-9A1E7A4F7556}") = "Ordering.Domain", "Services\Ordering\Ordering.Domain\Ordering.Domain.csproj", "{02058B10-8AF0-4F4E-ABF8-2F1793414260}"
EndProject
Project("{9A19103F-16F7-4668-BE54-9A1E7A4F7556}") = "Ordering.Application", "Services\Ordering\Ordering.Application\Ordering.Application.csproj", "{6E8AF5D6-787B-443E-BBB7-EE2C3962E072}"
EndProject
Project("{9A19103F-16F7-4668-BE54-9A1E7A4F7556}") = "Ordering.Infrastracture", "Services\Ordering\Ordering.Infrastracture\Ordering.Infrastracture.csproj", "{AD8B6719-0BF0-4D9B-9230-864C2BD4F190}"
EndProject
Project("{2150E333-8FDC-42A3-9474-1A3956D46DE8}") = "ApiGateway", "ApiGateway", "{7C03D384-4C5F-4E55-8FA8-BCCCA3A06F6B}"
EndProject
Project("{9A19103F-16F7-4668-BE54-9A1E7A4F7556}") = "OcelotApiGateway", "ApiGateway\OcelotApiGateway\OcelotApiGateway.csproj", "{EC7B1120-8A0B-472A-ACA2-83BE8E696581}"
EndProject
Project("{FAE04EC0-301F-11D3-BF4B-00C04F79EFBC}") = "Shopping.Aggregator", "ApiGateway\Shopping.Aggregator\Shopping.Aggregator.csproj", "{865DB3D3-3339-42BD-9C7C-C09318FF8B63}"
EndProject
Global
	GlobalSection(SolutionConfigurationPlatforms) = preSolution
		Debug|Any CPU = Debug|Any CPU
		Release|Any CPU = Release|Any CPU
	EndGlobalSection
	GlobalSection(ProjectConfigurationPlatforms) = postSolution
		{7F9C2C18-9A19-4FD6-B8B1-6F6D16F56620}.Debug|Any CPU.ActiveCfg = Debug|Any CPU
		{7F9C2C18-9A19-4FD6-B8B1-6F6D16F56620}.Debug|Any CPU.Build.0 = Debug|Any CPU
		{7F9C2C18-9A19-4FD6-B8B1-6F6D16F56620}.Release|Any CPU.ActiveCfg = Release|Any CPU
		{7F9C2C18-9A19-4FD6-B8B1-6F6D16F56620}.Release|Any CPU.Build.0 = Release|Any CPU
		{642ACC0D-C191-4615-9308-6FBF1E0D28BB}.Debug|Any CPU.ActiveCfg = Debug|Any CPU
		{642ACC0D-C191-4615-9308-6FBF1E0D28BB}.Debug|Any CPU.Build.0 = Debug|Any CPU
		{642ACC0D-C191-4615-9308-6FBF1E0D28BB}.Release|Any CPU.ActiveCfg = Release|Any CPU
		{642ACC0D-C191-4615-9308-6FBF1E0D28BB}.Release|Any CPU.Build.0 = Release|Any CPU
		{56D9D282-7809-4D13-BC01-A21EB5E034DA}.Debug|Any CPU.ActiveCfg = Debug|Any CPU
		{56D9D282-7809-4D13-BC01-A21EB5E034DA}.Debug|Any CPU.Build.0 = Debug|Any CPU
		{56D9D282-7809-4D13-BC01-A21EB5E034DA}.Release|Any CPU.ActiveCfg = Release|Any CPU
		{56D9D282-7809-4D13-BC01-A21EB5E034DA}.Release|Any CPU.Build.0 = Release|Any CPU
		{A675686C-C743-413C-A72E-4F92B8A37C26}.Debug|Any CPU.ActiveCfg = Debug|Any CPU
		{A675686C-C743-413C-A72E-4F92B8A37C26}.Debug|Any CPU.Build.0 = Debug|Any CPU
		{A675686C-C743-413C-A72E-4F92B8A37C26}.Release|Any CPU.ActiveCfg = Release|Any CPU
		{A675686C-C743-413C-A72E-4F92B8A37C26}.Release|Any CPU.Build.0 = Release|Any CPU
		{4D3F7549-6E99-45A9-9E20-32F3CC8FC79F}.Debug|Any CPU.ActiveCfg = Debug|Any CPU
		{4D3F7549-6E99-45A9-9E20-32F3CC8FC79F}.Debug|Any CPU.Build.0 = Debug|Any CPU
		{4D3F7549-6E99-45A9-9E20-32F3CC8FC79F}.Release|Any CPU.ActiveCfg = Release|Any CPU
		{4D3F7549-6E99-45A9-9E20-32F3CC8FC79F}.Release|Any CPU.Build.0 = Release|Any CPU
		{8CD369F3-D3DD-404B-94D5-A02A95901B14}.Debug|Any CPU.ActiveCfg = Debug|Any CPU
		{8CD369F3-D3DD-404B-94D5-A02A95901B14}.Debug|Any CPU.Build.0 = Debug|Any CPU
		{8CD369F3-D3DD-404B-94D5-A02A95901B14}.Release|Any CPU.ActiveCfg = Release|Any CPU
		{8CD369F3-D3DD-404B-94D5-A02A95901B14}.Release|Any CPU.Build.0 = Release|Any CPU
		{02058B10-8AF0-4F4E-ABF8-2F1793414260}.Debug|Any CPU.ActiveCfg = Debug|Any CPU
		{02058B10-8AF0-4F4E-ABF8-2F1793414260}.Debug|Any CPU.Build.0 = Debug|Any CPU
		{02058B10-8AF0-4F4E-ABF8-2F1793414260}.Release|Any CPU.ActiveCfg = Release|Any CPU
		{02058B10-8AF0-4F4E-ABF8-2F1793414260}.Release|Any CPU.Build.0 = Release|Any CPU
		{6E8AF5D6-787B-443E-BBB7-EE2C3962E072}.Debug|Any CPU.ActiveCfg = Debug|Any CPU
		{6E8AF5D6-787B-443E-BBB7-EE2C3962E072}.Debug|Any CPU.Build.0 = Debug|Any CPU
		{6E8AF5D6-787B-443E-BBB7-EE2C3962E072}.Release|Any CPU.ActiveCfg = Release|Any CPU
		{6E8AF5D6-787B-443E-BBB7-EE2C3962E072}.Release|Any CPU.Build.0 = Release|Any CPU
		{AD8B6719-0BF0-4D9B-9230-864C2BD4F190}.Debug|Any CPU.ActiveCfg = Debug|Any CPU
		{AD8B6719-0BF0-4D9B-9230-864C2BD4F190}.Debug|Any CPU.Build.0 = Debug|Any CPU
		{AD8B6719-0BF0-4D9B-9230-864C2BD4F190}.Release|Any CPU.ActiveCfg = Release|Any CPU
		{AD8B6719-0BF0-4D9B-9230-864C2BD4F190}.Release|Any CPU.Build.0 = Release|Any CPU
		{EC7B1120-8A0B-472A-ACA2-83BE8E696581}.Debug|Any CPU.ActiveCfg = Debug|Any CPU
		{EC7B1120-8A0B-472A-ACA2-83BE8E696581}.Debug|Any CPU.Build.0 = Debug|Any CPU
		{EC7B1120-8A0B-472A-ACA2-83BE8E696581}.Release|Any CPU.ActiveCfg = Release|Any CPU
		{EC7B1120-8A0B-472A-ACA2-83BE8E696581}.Release|Any CPU.Build.0 = Release|Any CPU
		{865DB3D3-3339-42BD-9C7C-C09318FF8B63}.Debug|Any CPU.ActiveCfg = Debug|Any CPU
		{865DB3D3-3339-42BD-9C7C-C09318FF8B63}.Debug|Any CPU.Build.0 = Debug|Any CPU
		{865DB3D3-3339-42BD-9C7C-C09318FF8B63}.Release|Any CPU.ActiveCfg = Release|Any CPU
		{865DB3D3-3339-42BD-9C7C-C09318FF8B63}.Release|Any CPU.Build.0 = Release|Any CPU
	EndGlobalSection
	GlobalSection(SolutionProperties) = preSolution
		HideSolutionNode = FALSE
	EndGlobalSection
	GlobalSection(NestedProjects) = preSolution
		{5A7557FB-5E2C-4E88-AA77-3B7EDE45FF0F} = {00421A7B-A66C-43BF-9890-6B98E37A6184}
		{7F9C2C18-9A19-4FD6-B8B1-6F6D16F56620} = {5A7557FB-5E2C-4E88-AA77-3B7EDE45FF0F}
		{2BEE9C7C-9323-4CA9-9FC0-A86CE0EF7A91} = {00421A7B-A66C-43BF-9890-6B98E37A6184}
		{56D9D282-7809-4D13-BC01-A21EB5E034DA} = {2BEE9C7C-9323-4CA9-9FC0-A86CE0EF7A91}
		{9EF3CCED-B058-44AD-8676-9A788614AC53} = {00421A7B-A66C-43BF-9890-6B98E37A6184}
		{A675686C-C743-413C-A72E-4F92B8A37C26} = {9EF3CCED-B058-44AD-8676-9A788614AC53}
		{4D3F7549-6E99-45A9-9E20-32F3CC8FC79F} = {9EF3CCED-B058-44AD-8676-9A788614AC53}
		{F0D3ABAB-1FA5-4B9C-8516-D79463D667E1} = {00421A7B-A66C-43BF-9890-6B98E37A6184}
		{8CD369F3-D3DD-404B-94D5-A02A95901B14} = {F0D3ABAB-1FA5-4B9C-8516-D79463D667E1}
		{02058B10-8AF0-4F4E-ABF8-2F1793414260} = {F0D3ABAB-1FA5-4B9C-8516-D79463D667E1}
		{6E8AF5D6-787B-443E-BBB7-EE2C3962E072} = {F0D3ABAB-1FA5-4B9C-8516-D79463D667E1}
		{AD8B6719-0BF0-4D9B-9230-864C2BD4F190} = {F0D3ABAB-1FA5-4B9C-8516-D79463D667E1}
		{EC7B1120-8A0B-472A-ACA2-83BE8E696581} = {7C03D384-4C5F-4E55-8FA8-BCCCA3A06F6B}
		{865DB3D3-3339-42BD-9C7C-C09318FF8B63} = {7C03D384-4C5F-4E55-8FA8-BCCCA3A06F6B}
	EndGlobalSection
	GlobalSection(ExtensibilityGlobals) = postSolution
		SolutionGuid = {3A3CE36B-D2A9-43FE-A5D4-A79993A15057}
	EndGlobalSection
EndGlobal
